
Microsoft Visual Studio Solution File, Format Version 12.00
# Visual Studio Version 17
VisualStudioVersion = 17.11.35222.181
MinimumVisualStudioVersion = 10.0.40219.1
Project("{FAE04EC0-301F-11D3-BF4B-00C04F79EFBC}") = "KoneksiLogin", "KoneksiLogin\KoneksiLogin.csproj", "{660FD246-FE01-4877-9265-AD030B28C702}"
EndProject
Global
	GlobalSection(SolutionConfigurationPlatforms) = preSolution
		Debug|Any CPU = Debug|Any CPU
		Release|Any CPU = Release|Any CPU
	EndGlobalSection
	GlobalSection(ProjectConfigurationPlatforms) = postSolution
		{660FD246-FE01-4877-9265-AD030B28C702}.Debug|Any CPU.ActiveCfg = Debug|Any CPU
		{660FD246-FE01-4877-9265-AD030B28C702}.Debug|Any CPU.Build.0 = Debug|Any CPU
		{660FD246-FE01-4877-9265-AD030B28C702}.Release|Any CPU.ActiveCfg = Release|Any CPU
		{660FD246-FE01-4877-9265-AD030B28C702}.Release|Any CPU.Build.0 = Release|Any CPU
	EndGlobalSection
	GlobalSection(SolutionProperties) = preSolution
		HideSolutionNode = FALSE
	EndGlobalSection
	GlobalSection(ExtensibilityGlobals) = postSolution
		SolutionGuid = {8382EAF9-11B0-4B1A-9E81-24F548DE15CA}
	EndGlobalSection
EndGlobal
